// !$*UTF8*$!
{
	archiveVersion = 1;
	classes = {
	};
	objectVersion = 55;
	objects = {

/* Begin PBXBuildFile section */
		A10176FBEA0B77D27D1BE4FC /* Pods_KadaiChallenge16.framework in Frameworks */ = {isa = PBXBuildFile; fileRef = C011E5531CB20F642F53F78E /* Pods_KadaiChallenge16.framework */; };
		D329D12F28463019005CD975 /* AppDelegate.swift in Sources */ = {isa = PBXBuildFile; fileRef = D329D12E28463019005CD975 /* AppDelegate.swift */; };
		D329D13128463019005CD975 /* SceneDelegate.swift in Sources */ = {isa = PBXBuildFile; fileRef = D329D13028463019005CD975 /* SceneDelegate.swift */; };
		D329D13328463019005CD975 /* ViewController.swift in Sources */ = {isa = PBXBuildFile; fileRef = D329D13228463019005CD975 /* ViewController.swift */; };
		D329D13628463019005CD975 /* Main.storyboard in Resources */ = {isa = PBXBuildFile; fileRef = D329D13428463019005CD975 /* Main.storyboard */; };
		D329D1382846301B005CD975 /* Assets.xcassets in Resources */ = {isa = PBXBuildFile; fileRef = D329D1372846301B005CD975 /* Assets.xcassets */; };
		D329D13B2846301B005CD975 /* LaunchScreen.storyboard in Resources */ = {isa = PBXBuildFile; fileRef = D329D1392846301B005CD975 /* LaunchScreen.storyboard */; };
		D34036902846E6E400041734 /* AddItemViewController.swift in Sources */ = {isa = PBXBuildFile; fileRef = D340368F2846E6E400041734 /* AddItemViewController.swift */; };
		D34036932846E71000041734 /* ItemTableViewCell.swift in Sources */ = {isa = PBXBuildFile; fileRef = D34036912846E71000041734 /* ItemTableViewCell.swift */; };
		D34036942846E71000041734 /* ItemTableViewCell.xib in Resources */ = {isa = PBXBuildFile; fileRef = D34036922846E71000041734 /* ItemTableViewCell.xib */; };
		D34036962846E73F00041734 /* AddItem.storyboard in Resources */ = {isa = PBXBuildFile; fileRef = D34036952846E73F00041734 /* AddItem.storyboard */; };
		D34036982846E75600041734 /* CheckItem.swift in Sources */ = {isa = PBXBuildFile; fileRef = D34036972846E75600041734 /* CheckItem.swift */; };
/* End PBXBuildFile section */

/* Begin PBXFileReference section */
		31804932CB0D536B59821B97 /* Pods-KadaiChallenge16.release.xcconfig */ = {isa = PBXFileReference; includeInIndex = 1; lastKnownFileType = text.xcconfig; name = "Pods-KadaiChallenge16.release.xcconfig"; path = "Target Support Files/Pods-KadaiChallenge16/Pods-KadaiChallenge16.release.xcconfig"; sourceTree = "<group>"; };
		9B4EC8E3A3C96BDAFC8373B4 /* Pods-KadaiChallenge16.debug.xcconfig */ = {isa = PBXFileReference; includeInIndex = 1; lastKnownFileType = text.xcconfig; name = "Pods-KadaiChallenge16.debug.xcconfig"; path = "Target Support Files/Pods-KadaiChallenge16/Pods-KadaiChallenge16.debug.xcconfig"; sourceTree = "<group>"; };
		C011E5531CB20F642F53F78E /* Pods_KadaiChallenge16.framework */ = {isa = PBXFileReference; explicitFileType = wrapper.framework; includeInIndex = 0; path = Pods_KadaiChallenge16.framework; sourceTree = BUILT_PRODUCTS_DIR; };
		D329D12B28463019005CD975 /* KadaiChallenge16.app */ = {isa = PBXFileReference; explicitFileType = wrapper.application; includeInIndex = 0; path = KadaiChallenge16.app; sourceTree = BUILT_PRODUCTS_DIR; };
		D329D12E28463019005CD975 /* AppDelegate.swift */ = {isa = PBXFileReference; lastKnownFileType = sourcecode.swift; path = AppDelegate.swift; sourceTree = "<group>"; };
		D329D13028463019005CD975 /* SceneDelegate.swift */ = {isa = PBXFileReference; lastKnownFileType = sourcecode.swift; path = SceneDelegate.swift; sourceTree = "<group>"; };
		D329D13228463019005CD975 /* ViewController.swift */ = {isa = PBXFileReference; lastKnownFileType = sourcecode.swift; path = ViewController.swift; sourceTree = "<group>"; };
		D329D13528463019005CD975 /* Base */ = {isa = PBXFileReference; lastKnownFileType = file.storyboard; name = Base; path = Base.lproj/Main.storyboard; sourceTree = "<group>"; };
		D329D1372846301B005CD975 /* Assets.xcassets */ = {isa = PBXFileReference; lastKnownFileType = folder.assetcatalog; path = Assets.xcassets; sourceTree = "<group>"; };
		D329D13A2846301B005CD975 /* Base */ = {isa = PBXFileReference; lastKnownFileType = file.storyboard; name = Base; path = Base.lproj/LaunchScreen.storyboard; sourceTree = "<group>"; };
		D329D13C2846301B005CD975 /* Info.plist */ = {isa = PBXFileReference; lastKnownFileType = text.plist.xml; path = Info.plist; sourceTree = "<group>"; };
		D340368F2846E6E400041734 /* AddItemViewController.swift */ = {isa = PBXFileReference; lastKnownFileType = sourcecode.swift; path = AddItemViewController.swift; sourceTree = "<group>"; };
		D34036912846E71000041734 /* ItemTableViewCell.swift */ = {isa = PBXFileReference; lastKnownFileType = sourcecode.swift; path = ItemTableViewCell.swift; sourceTree = "<group>"; };
		D34036922846E71000041734 /* ItemTableViewCell.xib */ = {isa = PBXFileReference; lastKnownFileType = file.xib; path = ItemTableViewCell.xib; sourceTree = "<group>"; };
		D34036952846E73F00041734 /* AddItem.storyboard */ = {isa = PBXFileReference; lastKnownFileType = file.storyboard; path = AddItem.storyboard; sourceTree = "<group>"; };
		D34036972846E75600041734 /* CheckItem.swift */ = {isa = PBXFileReference; lastKnownFileType = sourcecode.swift; path = CheckItem.swift; sourceTree = "<group>"; };
/* End PBXFileReference section */

/* Begin PBXFrameworksBuildPhase section */
		D329D12828463019005CD975 /* Frameworks */ = {
			isa = PBXFrameworksBuildPhase;
			buildActionMask = 2147483647;
			files = (
				A10176FBEA0B77D27D1BE4FC /* Pods_KadaiChallenge16.framework in Frameworks */,
			);
			runOnlyForDeploymentPostprocessing = 0;
		};
/* End PBXFrameworksBuildPhase section */

/* Begin PBXGroup section */
		333D6E6F5109B6A9ACF3750C /* Frameworks */ = {
			isa = PBXGroup;
			children = (
				C011E5531CB20F642F53F78E /* Pods_KadaiChallenge16.framework */,
			);
			name = Frameworks;
			sourceTree = "<group>";
		};
		3EAC939380C4AC95F656FD9D /* Pods */ = {
			isa = PBXGroup;
			children = (
				9B4EC8E3A3C96BDAFC8373B4 /* Pods-KadaiChallenge16.debug.xcconfig */,
				31804932CB0D536B59821B97 /* Pods-KadaiChallenge16.release.xcconfig */,
			);
			path = Pods;
			sourceTree = "<group>";
		};
		D329D12228463019005CD975 = {
			isa = PBXGroup;
			children = (
				D329D12D28463019005CD975 /* KadaiChallenge16 */,
				D329D12C28463019005CD975 /* Products */,
				3EAC939380C4AC95F656FD9D /* Pods */,
				333D6E6F5109B6A9ACF3750C /* Frameworks */,
			);
			sourceTree = "<group>";
		};
		D329D12C28463019005CD975 /* Products */ = {
			isa = PBXGroup;
			children = (
				D329D12B28463019005CD975 /* KadaiChallenge16.app */,
			);
			name = Products;
			sourceTree = "<group>";
		};
		D329D12D28463019005CD975 /* KadaiChallenge16 */ = {
			isa = PBXGroup;
			children = (
				D329D12E28463019005CD975 /* AppDelegate.swift */,
				D329D13028463019005CD975 /* SceneDelegate.swift */,
				D329D13228463019005CD975 /* ViewController.swift */,
				D340368F2846E6E400041734 /* AddItemViewController.swift */,
				D34036912846E71000041734 /* ItemTableViewCell.swift */,
				D34036972846E75600041734 /* CheckItem.swift */,
				D329D13428463019005CD975 /* Main.storyboard */,
				D34036952846E73F00041734 /* AddItem.storyboard */,
				D34036922846E71000041734 /* ItemTableViewCell.xib */,
				D329D1392846301B005CD975 /* LaunchScreen.storyboard */,
				D329D1372846301B005CD975 /* Assets.xcassets */,
				D329D13C2846301B005CD975 /* Info.plist */,
			);
			path = KadaiChallenge16;
			sourceTree = "<group>";
		};
/* End PBXGroup section */

/* Begin PBXNativeTarget section */
		D329D12A28463019005CD975 /* KadaiChallenge16 */ = {
			isa = PBXNativeTarget;
			buildConfigurationList = D329D13F2846301B005CD975 /* Build configuration list for PBXNativeTarget "KadaiChallenge16" */;
			buildPhases = (
				34DBB21B45439A62623BFF35 /* [CP] Check Pods Manifest.lock */,
				D329D12728463019005CD975 /* Sources */,
				D329D12828463019005CD975 /* Frameworks */,
				D329D12928463019005CD975 /* Resources */,
			);
			buildRules = (
			);
			dependencies = (
			);
			name = KadaiChallenge16;
			productName = KadaiChallenge16;
			productReference = D329D12B28463019005CD975 /* KadaiChallenge16.app */;
			productType = "com.apple.product-type.application";
		};
/* End PBXNativeTarget section */

/* Begin PBXProject section */
		D329D12328463019005CD975 /* Project object */ = {
			isa = PBXProject;
			attributes = {
				BuildIndependentTargetsInParallel = 1;
				LastSwiftUpdateCheck = 1340;
				LastUpgradeCheck = 1340;
				TargetAttributes = {
					D329D12A28463019005CD975 = {
						CreatedOnToolsVersion = 13.4;
					};
				};
			};
			buildConfigurationList = D329D12628463019005CD975 /* Build configuration list for PBXProject "KadaiChallenge16" */;
			compatibilityVersion = "Xcode 13.0";
			developmentRegion = en;
			hasScannedForEncodings = 0;
			knownRegions = (
				en,
				Base,
			);
			mainGroup = D329D12228463019005CD975;
			productRefGroup = D329D12C28463019005CD975 /* Products */;
			projectDirPath = "";
			projectRoot = "";
			targets = (
				D329D12A28463019005CD975 /* KadaiChallenge16 */,
			);
		};
/* End PBXProject section */

/* Begin PBXResourcesBuildPhase section */
		D329D12928463019005CD975 /* Resources */ = {
			isa = PBXResourcesBuildPhase;
			buildActionMask = 2147483647;
			files = (
				D34036962846E73F00041734 /* AddItem.storyboard in Resources */,
				D34036942846E71000041734 /* ItemTableViewCell.xib in Resources */,
				D329D13B2846301B005CD975 /* LaunchScreen.storyboard in Resources */,
				D329D1382846301B005CD975 /* Assets.xcassets in Resources */,
				D329D13628463019005CD975 /* Main.storyboard in Resources */,
			);
			runOnlyForDeploymentPostprocessing = 0;
		};
/* End PBXResourcesBuildPhase section */

/* Begin PBXShellScriptBuildPhase section */
		34DBB21B45439A62623BFF35 /* [CP] Check Pods Manifest.lock */ = {
			isa = PBXShellScriptBuildPhase;
			buildActionMask = 2147483647;
			files = (
			);
			inputFileListPaths = (
			);
			inputPaths = (
				"${PODS_PODFILE_DIR_PATH}/Podfile.lock",
				"${PODS_ROOT}/Manifest.lock",
			);
			name = "[CP] Check Pods Manifest.lock";
			outputFileListPaths = (
			);
			outputPaths = (
				"$(DERIVED_FILE_DIR)/Pods-KadaiChallenge16-checkManifestLockResult.txt",
			);
			runOnlyForDeploymentPostprocessing = 0;
			shellPath = /bin/sh;
			shellScript = "diff \"${PODS_PODFILE_DIR_PATH}/Podfile.lock\" \"${PODS_ROOT}/Manifest.lock\" > /dev/null\nif [ $? != 0 ] ; then\n    # print error to STDERR\n    echo \"error: The sandbox is not in sync with the Podfile.lock. Run 'pod install' or update your CocoaPods installation.\" >&2\n    exit 1\nfi\n# This output is used by Xcode 'outputs' to avoid re-running this script phase.\necho \"SUCCESS\" > \"${SCRIPT_OUTPUT_FILE_0}\"\n";
			showEnvVarsInLog = 0;
		};
/* End PBXShellScriptBuildPhase section */

/* Begin PBXSourcesBuildPhase section */
		D329D12728463019005CD975 /* Sources */ = {
			isa = PBXSourcesBuildPhase;
			buildActionMask = 2147483647;
			files = (
				D329D13328463019005CD975 /* ViewController.swift in Sources */,
				D34036982846E75600041734 /* CheckItem.swift in Sources */,
				D34036902846E6E400041734 /* AddItemViewController.swift in Sources */,
				D34036932846E71000041734 /* ItemTableViewCell.swift in Sources */,
				D329D12F28463019005CD975 /* AppDelegate.swift in Sources */,
				D329D13128463019005CD975 /* SceneDelegate.swift in Sources */,
			);
			runOnlyForDeploymentPostprocessing = 0;
		};
/* End PBXSourcesBuildPhase section */

/* Begin PBXVariantGroup section */
		D329D13428463019005CD975 /* Main.storyboard */ = {
			isa = PBXVariantGroup;
			children = (
				D329D13528463019005CD975 /* Base */,
			);
			name = Main.storyboard;
			sourceTree = "<group>";
		};
		D329D1392846301B005CD975 /* LaunchScreen.storyboard */ = {
			isa = PBXVariantGroup;
			children = (
				D329D13A2846301B005CD975 /* Base */,
			);
			name = LaunchScreen.storyboard;
			sourceTree = "<group>";
		};
/* End PBXVariantGroup section */

/* Begin XCBuildConfiguration section */
		D329D13D2846301B005CD975 /* Debug */ = {
			isa = XCBuildConfiguration;
			buildSettings = {
				ALWAYS_SEARCH_USER_PATHS = NO;
				CLANG_ANALYZER_NONNULL = YES;
				CLANG_ANALYZER_NUMBER_OBJECT_CONVERSION = YES_AGGRESSIVE;
				CLANG_CXX_LANGUAGE_STANDARD = "gnu++17";
				CLANG_ENABLE_MODULES = YES;
				CLANG_ENABLE_OBJC_ARC = YES;
				CLANG_ENABLE_OBJC_WEAK = YES;
				CLANG_WARN_BLOCK_CAPTURE_AUTORELEASING = YES;
				CLANG_WARN_BOOL_CONVERSION = YES;
				CLANG_WARN_COMMA = YES;
				CLANG_WARN_CONSTANT_CONVERSION = YES;
				CLANG_WARN_DEPRECATED_OBJC_IMPLEMENTATIONS = YES;
				CLANG_WARN_DIRECT_OBJC_ISA_USAGE = YES_ERROR;
				CLANG_WARN_DOCUMENTATION_COMMENTS = YES;
				CLANG_WARN_EMPTY_BODY = YES;
				CLANG_WARN_ENUM_CONVERSION = YES;
				CLANG_WARN_INFINITE_RECURSION = YES;
				CLANG_WARN_INT_CONVERSION = YES;
				CLANG_WARN_NON_LITERAL_NULL_CONVERSION = YES;
				CLANG_WARN_OBJC_IMPLICIT_RETAIN_SELF = YES;
				CLANG_WARN_OBJC_LITERAL_CONVERSION = YES;
				CLANG_WARN_OBJC_ROOT_CLASS = YES_ERROR;
				CLANG_WARN_QUOTED_INCLUDE_IN_FRAMEWORK_HEADER = YES;
				CLANG_WARN_RANGE_LOOP_ANALYSIS = YES;
				CLANG_WARN_STRICT_PROTOTYPES = YES;
				CLANG_WARN_SUSPICIOUS_MOVE = YES;
				CLANG_WARN_UNGUARDED_AVAILABILITY = YES_AGGRESSIVE;
				CLANG_WARN_UNREACHABLE_CODE = YES;
				CLANG_WARN__DUPLICATE_METHOD_MATCH = YES;
				COPY_PHASE_STRIP = NO;
				DEBUG_INFORMATION_FORMAT = dwarf;
				ENABLE_STRICT_OBJC_MSGSEND = YES;
				ENABLE_TESTABILITY = YES;
				GCC_C_LANGUAGE_STANDARD = gnu11;
				GCC_DYNAMIC_NO_PIC = NO;
				GCC_NO_COMMON_BLOCKS = YES;
				GCC_OPTIMIZATION_LEVEL = 0;
				GCC_PREPROCESSOR_DEFINITIONS = (
					"DEBUG=1",
					"$(inherited)",
				);
				GCC_WARN_64_TO_32_BIT_CONVERSION = YES;
				GCC_WARN_ABOUT_RETURN_TYPE = YES_ERROR;
				GCC_WARN_UNDECLARED_SELECTOR = YES;
				GCC_WARN_UNINITIALIZED_AUTOS = YES_AGGRESSIVE;
				GCC_WARN_UNUSED_FUNCTION = YES;
				GCC_WARN_UNUSED_VARIABLE = YES;
				IPHONEOS_DEPLOYMENT_TARGET = 15.5;
				MTL_ENABLE_DEBUG_INFO = INCLUDE_SOURCE;
				MTL_FAST_MATH = YES;
				ONLY_ACTIVE_ARCH = YES;
				SDKROOT = iphoneos;
				SWIFT_ACTIVE_COMPILATION_CONDITIONS = DEBUG;
				SWIFT_OPTIMIZATION_LEVEL = "-Onone";
			};
			name = Debug;
		};
		D329D13E2846301B005CD975 /* Release */ = {
			isa = XCBuildConfiguration;
			buildSettings = {
				ALWAYS_SEARCH_USER_PATHS = NO;
				CLANG_ANALYZER_NONNULL = YES;
				CLANG_ANALYZER_NUMBER_OBJECT_CONVERSION = YES_AGGRESSIVE;
				CLANG_CXX_LANGUAGE_STANDARD = "gnu++17";
				CLANG_ENABLE_MODULES = YES;
				CLANG_ENABLE_OBJC_ARC = YES;
				CLANG_ENABLE_OBJC_WEAK = YES;
				CLANG_WARN_BLOCK_CAPTURE_AUTORELEASING = YES;
				CLANG_WARN_BOOL_CONVERSION = YES;
				CLANG_WARN_COMMA = YES;
				CLANG_WARN_CONSTANT_CONVERSION = YES;
				CLANG_WARN_DEPRECATED_OBJC_IMPLEMENTATIONS = YES;
				CLANG_WARN_DIRECT_OBJC_ISA_USAGE = YES_ERROR;
				CLANG_WARN_DOCUMENTATION_COMMENTS = YES;
				CLANG_WARN_EMPTY_BODY = YES;
				CLANG_WARN_ENUM_CONVERSION = YES;
				CLANG_WARN_INFINITE_RECURSION = YES;
				CLANG_WARN_INT_CONVERSION = YES;
				CLANG_WARN_NON_LITERAL_NULL_CONVERSION = YES;
				CLANG_WARN_OBJC_IMPLICIT_RETAIN_SELF = YES;
				CLANG_WARN_OBJC_LITERAL_CONVERSION = YES;
				CLANG_WARN_OBJC_ROOT_CLASS = YES_ERROR;
				CLANG_WARN_QUOTED_INCLUDE_IN_FRAMEWORK_HEADER = YES;
				CLANG_WARN_RANGE_LOOP_ANALYSIS = YES;
				CLANG_WARN_STRICT_PROTOTYPES = YES;
				CLANG_WARN_SUSPICIOUS_MOVE = YES;
				CLANG_WARN_UNGUARDED_AVAILABILITY = YES_AGGRESSIVE;
				CLANG_WARN_UNREACHABLE_CODE = YES;
				CLANG_WARN__DUPLICATE_METHOD_MATCH = YES;
				COPY_PHASE_STRIP = NO;
				DEBUG_INFORMATION_FORMAT = "dwarf-with-dsym";
				ENABLE_NS_ASSERTIONS = NO;
				ENABLE_STRICT_OBJC_MSGSEND = YES;
				GCC_C_LANGUAGE_STANDARD = gnu11;
				GCC_NO_COMMON_BLOCKS = YES;
				GCC_WARN_64_TO_32_BIT_CONVERSION = YES;
				GCC_WARN_ABOUT_RETURN_TYPE = YES_ERROR;
				GCC_WARN_UNDECLARED_SELECTOR = YES;
				GCC_WARN_UNINITIALIZED_AUTOS = YES_AGGRESSIVE;
				GCC_WARN_UNUSED_FUNCTION = YES;
				GCC_WARN_UNUSED_VARIABLE = YES;
				IPHONEOS_DEPLOYMENT_TARGET = 15.5;
				MTL_ENABLE_DEBUG_INFO = NO;
				MTL_FAST_MATH = YES;
				SDKROOT = iphoneos;
				SWIFT_COMPILATION_MODE = wholemodule;
				SWIFT_OPTIMIZATION_LEVEL = "-O";
				VALIDATE_PRODUCT = YES;
			};
			name = Release;
		};
		D329D1402846301B005CD975 /* Debug */ = {
			isa = XCBuildConfiguration;
			baseConfigurationReference = 9B4EC8E3A3C96BDAFC8373B4 /* Pods-KadaiChallenge16.debug.xcconfig */;
			buildSettings = {
				ASSETCATALOG_COMPILER_APPICON_NAME = AppIcon;
				ASSETCATALOG_COMPILER_GLOBAL_ACCENT_COLOR_NAME = AccentColor;
				CODE_SIGN_STYLE = Automatic;
				CURRENT_PROJECT_VERSION = 1;
				GENERATE_INFOPLIST_FILE = YES;
				INFOPLIST_FILE = KadaiChallenge16/Info.plist;
				INFOPLIST_KEY_UIApplicationSupportsIndirectInputEvents = YES;
				INFOPLIST_KEY_UILaunchStoryboardName = LaunchScreen;
				INFOPLIST_KEY_UIMainStoryboardFile = Main;
				INFOPLIST_KEY_UISupportedInterfaceOrientations_iPad = "UIInterfaceOrientationPortrait UIInterfaceOrientationPortraitUpsideDown UIInterfaceOrientationLandscapeLeft UIInterfaceOrientationLandscapeRight";
				INFOPLIST_KEY_UISupportedInterfaceOrientations_iPhone = "UIInterfaceOrientationPortrait UIInterfaceOrientationLandscapeLeft UIInterfaceOrientationLandscapeRight";
				LD_RUNPATH_SEARCH_PATHS = (
					"$(inherited)",
					"@executable_path/Frameworks",
				);
				MARKETING_VERSION = 1.0;
				PRODUCT_BUNDLE_IDENTIFIER = "Swift-Beginners.KadaiChallenge16";
				PRODUCT_NAME = "$(TARGET_NAME)";
				SWIFT_EMIT_LOC_STRINGS = YES;
				SWIFT_VERSION = 5.0;
				TARGETED_DEVICE_FAMILY = "1,2";
			};
			name = Debug;
		};
		D329D1412846301B005CD975 /* Release */ = {
			isa = XCBuildConfiguration;
			baseConfigurationReference = 31804932CB0D536B59821B97 /* Pods-KadaiChallenge16.release.xcconfig */;
			buildSettings = {
				ASSETCATALOG_COMPILER_APPICON_NAME = AppIcon;
				ASSETCATALOG_COMPILER_GLOBAL_ACCENT_COLOR_NAME = AccentColor;
				CODE_SIGN_STYLE = Automatic;
				CURRENT_PROJECT_VERSION = 1;
				GENERATE_INFOPLIST_FILE = YES;
				INFOPLIST_FILE = KadaiChallenge16/Info.plist;
				INFOPLIST_KEY_UIApplicationSupportsIndirectInputEvents = YES;
				INFOPLIST_KEY_UILaunchStoryboardName = LaunchScreen;
				INFOPLIST_KEY_UIMainStoryboardFile = Main;
				INFOPLIST_KEY_UISupportedInterfaceOrientations_iPad = "UIInterfaceOrientationPortrait UIInterfaceOrientationPortraitUpsideDown UIInterfaceOrientationLandscapeLeft UIInterfaceOrientationLandscapeRight";
				INFOPLIST_KEY_UISupportedInterfaceOrientations_iPhone = "UIInterfaceOrientationPortrait UIInterfaceOrientationLandscapeLeft UIInterfaceOrientationLandscapeRight";
				LD_RUNPATH_SEARCH_PATHS = (
					"$(inherited)",
					"@executable_path/Frameworks",
				);
				MARKETING_VERSION = 1.0;
				PRODUCT_BUNDLE_IDENTIFIER = "Swift-Beginners.KadaiChallenge16";
				PRODUCT_NAME = "$(TARGET_NAME)";
				SWIFT_EMIT_LOC_STRINGS = YES;
				SWIFT_VERSION = 5.0;
				TARGETED_DEVICE_FAMILY = "1,2";
			};
			name = Release;
		};
/* End XCBuildConfiguration section */

/* Begin XCConfigurationList section */
		D329D12628463019005CD975 /* Build configuration list for PBXProject "KadaiChallenge16" */ = {
			isa = XCConfigurationList;
			buildConfigurations = (
				D329D13D2846301B005CD975 /* Debug */,
				D329D13E2846301B005CD975 /* Release */,
			);
			defaultConfigurationIsVisible = 0;
			defaultConfigurationName = Release;
		};
		D329D13F2846301B005CD975 /* Build configuration list for PBXNativeTarget "KadaiChallenge16" */ = {
			isa = XCConfigurationList;
			buildConfigurations = (
				D329D1402846301B005CD975 /* Debug */,
				D329D1412846301B005CD975 /* Release */,
			);
			defaultConfigurationIsVisible = 0;
			defaultConfigurationName = Release;
		};
/* End XCConfigurationList section */
	};
	rootObject = D329D12328463019005CD975 /* Project object */;
}
